{
  "name": "willoughby",
  "lockfileVersion": 2,
  "requires": true,
  "packages": {
    "": {
      "dependencies": {
        "@fontsource/inter": "^4.5.2"
      }
    },
    "node_modules/@fontsource/inter": {
      "version": "4.5.2",
      "resolved": "https://registry.npmjs.org/@fontsource/inter/-/inter-4.5.2.tgz",
      "integrity": "sha512-4LLfZYr5dRsobtC9JNkATL5OwOqrxs2tF29eNljjogxWXm4tlHxRo4dgOFTlWxQOxcj5Zv7dM8IMiSoOqMGy3g=="
    }
  },
  "dependencies": {
    "@fontsource/inter": {
      "version": "4.5.2",
      "resolved": "https://registry.npmjs.org/@fontsource/inter/-/inter-4.5.2.tgz",
      "integrity": "sha512-4LLfZYr5dRsobtC9JNkATL5OwOqrxs2tF29eNljjogxWXm4tlHxRo4dgOFTlWxQOxcj5Zv7dM8IMiSoOqMGy3g=="
    }
  }
}
